<?xml version="1.0" encoding="utf-8"?>
<Project ToolsVersion="4.0" xmlns="http://schemas.microsoft.com/developer/msbuild/2003">
  <ItemGroup>
    <Filter Include="Source Files">
      <UniqueIdentifier>{4FC737F1-C7A5-4376-A066-2A32D752A2FF}</UniqueIdentifier>
      <Extensions>cpp;c;cc;cxx;c++;cppm;ixx;def;odl;idl;hpj;bat;asm;asmx</Extensions>
    </Filter>
    <Filter Include="Header Files">
      <UniqueIdentifier>{93995380-89BD-4b04-88EB-625FBE52EBFB}</UniqueIdentifier>
      <Extensions>h;hh;hpp;hxx;h++;hm;inl;inc;ipp;xsd</Extensions>
    </Filter>
    <Filter Include="Resource Files">
      <UniqueIdentifier>{67DA6AB6-F800-4c08-8B7A-83BB121AAD01}</UniqueIdentifier>
      <Extensions>rc;ico;cur;bmp;dlg;rc2;rct;bin;rgs;gif;jpg;jpeg;jpe;resx;tiff;tif;png;wav;mfcribbon-ms</Extensions>
    </Filter>
  </ItemGroup>
  <ItemGroup>
    <ClCompile Include="Gravitators.cpp">
      <Filter>Source Files</Filter>
    </ClCompile>
    <ClCompile Include="Denstity.cpp">
      <Filter>Source Files</Filter>
    </ClCompile>
    <ClCompile Include="FreeFall.cpp">
      <Filter>Source Files</Filter>
    </ClCompile>
    <ClCompile Include="Gravity.cpp">
      <Filter>Source Files</Filter>
    </ClCompile>
    <ClCompile Include="HydrostaticPressure.cpp">
      <Filter>Source Files</Filter>
    </ClCompile>
    <ClCompile Include="Newton%27sSecondLaw.cpp">
      <Filter>Source Files</Filter>
    </ClCompile>
    <ClCompile Include="Pressure.cpp">
      <Filter>Source Files</Filter>
    </ClCompile>
    <ClCompile Include="uniformAcceleration.cpp">
      <Filter>Source Files</Filter>
    </ClCompile>
    <ClCompile Include="Quiz.cpp">
      <Filter>Source Files</Filter>
    </ClCompile>
    <ClCompile Include="TowerOfPizza.cpp">
      <Filter>Source Files</Filter>
    </ClCompile>
    <ClCompile Include="MainFunctions.cpp">
      <Filter>Source Files</Filter>
    </ClCompile>
    <ClCompile Include="Frame.cpp">
      <Filter>Source Files</Filter>
    </ClCompile>
  </ItemGroup>
  <ItemGroup>
    <ClInclude Include="Density.h">
      <Filter>Header Files</Filter>
    </ClInclude>
    <ClInclude Include="FreeFall.h">
      <Filter>Header Files</Filter>
    </ClInclude>
    <ClInclude Include="MainFunctions.h">
      <Filter>Header Files</Filter>
    </ClInclude>
    <ClInclude Include="Gravity.h">
      <Filter>Header Files</Filter>
    </ClInclude>
    <ClInclude Include="HydrostaticPressure.h">
      <Filter>Header Files</Filter>
    </ClInclude>
    <ClInclude Include="Newton%27sSecondLaw.h">
      <Filter>Header Files</Filter>
    </ClInclude>
    <ClInclude Include="Pressure.h">
      <Filter>Header Files</Filter>
    </ClInclude>
    <ClInclude Include="uniformAcceleration.h">
      <Filter>Header Files</Filter>
    </ClInclude>
    <ClInclude Include="Frame.h">
      <Filter>Header Files</Filter>
    </ClInclude>
  </ItemGroup>
</Project>